// !$*UTF8*$!
{
	archiveVersion = 1;
	classes = {
	};
	objectVersion = 50;
	objects = {

/* Begin PBXBuildFile section */
		C16F11F220989F3200A532FA /* AppDelegate.swift in Sources */ = {isa = PBXBuildFile; fileRef = C16F11F120989F3200A532FA /* AppDelegate.swift */; };
		C16F11F720989F3200A532FA /* Main.storyboard in Resources */ = {isa = PBXBuildFile; fileRef = C16F11F520989F3200A532FA /* Main.storyboard */; };
		C16F11F920989F3200A532FA /* Assets.xcassets in Resources */ = {isa = PBXBuildFile; fileRef = C16F11F820989F3200A532FA /* Assets.xcassets */; };
		C16F11FC20989F3200A532FA /* LaunchScreen.storyboard in Resources */ = {isa = PBXBuildFile; fileRef = C16F11FA20989F3200A532FA /* LaunchScreen.storyboard */; };
		C16F12072098A17300A532FA /* MenuController.swift in Sources */ = {isa = PBXBuildFile; fileRef = C16F12062098A17300A532FA /* MenuController.swift */; };
		C16F12092098A21500A532FA /* CarteController.swift in Sources */ = {isa = PBXBuildFile; fileRef = C16F12082098A21500A532FA /* CarteController.swift */; };
		C16F120E2098A61700A532FA /* Constantes.swift in Sources */ = {isa = PBXBuildFile; fileRef = C16F120D2098A61700A532FA /* Constantes.swift */; };
		C16F12102098A9A600A532FA /* CustomNavigationController.swift in Sources */ = {isa = PBXBuildFile; fileRef = C16F120F2098A9A600A532FA /* CustomNavigationController.swift */; };
		C16F12122098AA2500A532FA /* CustomTabBarController.swift in Sources */ = {isa = PBXBuildFile; fileRef = C16F12112098AA2500A532FA /* CustomTabBarController.swift */; };
		C16F12142098BD1600A532FA /* MenuCell.swift in Sources */ = {isa = PBXBuildFile; fileRef = C16F12132098BD1600A532FA /* MenuCell.swift */; };
		C16F12162098C24E00A532FA /* Dish.swift in Sources */ = {isa = PBXBuildFile; fileRef = C16F12152098C24E00A532FA /* Dish.swift */; };
		C16F12182098C28A00A532FA /* Enums.swift in Sources */ = {isa = PBXBuildFile; fileRef = C16F12172098C28A00A532FA /* Enums.swift */; };
/* End PBXBuildFile section */

/* Begin PBXFileReference section */
		C16F11EE20989F3200A532FA /* FoodWorld.app */ = {isa = PBXFileReference; explicitFileType = wrapper.application; includeInIndex = 0; path = FoodWorld.app; sourceTree = BUILT_PRODUCTS_DIR; };
		C16F11F120989F3200A532FA /* AppDelegate.swift */ = {isa = PBXFileReference; lastKnownFileType = sourcecode.swift; path = AppDelegate.swift; sourceTree = "<group>"; };
		C16F11F620989F3200A532FA /* Base */ = {isa = PBXFileReference; lastKnownFileType = file.storyboard; name = Base; path = Base.lproj/Main.storyboard; sourceTree = "<group>"; };
		C16F11F820989F3200A532FA /* Assets.xcassets */ = {isa = PBXFileReference; lastKnownFileType = folder.assetcatalog; path = Assets.xcassets; sourceTree = "<group>"; };
		C16F11FB20989F3200A532FA /* Base */ = {isa = PBXFileReference; lastKnownFileType = file.storyboard; name = Base; path = Base.lproj/LaunchScreen.storyboard; sourceTree = "<group>"; };
		C16F11FD20989F3200A532FA /* Info.plist */ = {isa = PBXFileReference; lastKnownFileType = text.plist.xml; path = Info.plist; sourceTree = "<group>"; };
		C16F12062098A17300A532FA /* MenuController.swift */ = {isa = PBXFileReference; lastKnownFileType = sourcecode.swift; path = MenuController.swift; sourceTree = "<group>"; };
		C16F12082098A21500A532FA /* CarteController.swift */ = {isa = PBXFileReference; lastKnownFileType = sourcecode.swift; path = CarteController.swift; sourceTree = "<group>"; };
		C16F120D2098A61700A532FA /* Constantes.swift */ = {isa = PBXFileReference; lastKnownFileType = sourcecode.swift; path = Constantes.swift; sourceTree = "<group>"; };
		C16F120F2098A9A600A532FA /* CustomNavigationController.swift */ = {isa = PBXFileReference; lastKnownFileType = sourcecode.swift; path = CustomNavigationController.swift; sourceTree = "<group>"; };
		C16F12112098AA2500A532FA /* CustomTabBarController.swift */ = {isa = PBXFileReference; lastKnownFileType = sourcecode.swift; path = CustomTabBarController.swift; sourceTree = "<group>"; };
		C16F12132098BD1600A532FA /* MenuCell.swift */ = {isa = PBXFileReference; lastKnownFileType = sourcecode.swift; path = MenuCell.swift; sourceTree = "<group>"; };
		C16F12152098C24E00A532FA /* Dish.swift */ = {isa = PBXFileReference; lastKnownFileType = sourcecode.swift; path = Dish.swift; sourceTree = "<group>"; };
		C16F12172098C28A00A532FA /* Enums.swift */ = {isa = PBXFileReference; lastKnownFileType = sourcecode.swift; path = Enums.swift; sourceTree = "<group>"; };
/* End PBXFileReference section */

/* Begin PBXFrameworksBuildPhase section */
		C16F11EB20989F3200A532FA /* Frameworks */ = {
			isa = PBXFrameworksBuildPhase;
			buildActionMask = 2147483647;
			files = (
			);
			runOnlyForDeploymentPostprocessing = 0;
		};
/* End PBXFrameworksBuildPhase section */

/* Begin PBXGroup section */
		C16F11E520989F3200A532FA = {
			isa = PBXGroup;
			children = (
				C16F11F020989F3200A532FA /* FoodWorld */,
				C16F11EF20989F3200A532FA /* Products */,
			);
			sourceTree = "<group>";
		};
		C16F11EF20989F3200A532FA /* Products */ = {
			isa = PBXGroup;
			children = (
				C16F11EE20989F3200A532FA /* FoodWorld.app */,
			);
			name = Products;
			sourceTree = "<group>";
		};
		C16F11F020989F3200A532FA /* FoodWorld */ = {
			isa = PBXGroup;
			children = (
				C16F120C2098A5A700A532FA /* Utilities */,
				C16F12042098A0EA00A532FA /* Models */,
				C16F12032098A0D600A532FA /* Views */,
				C16F12052098A0FA00A532FA /* Controllers */,
				C16F11F120989F3200A532FA /* AppDelegate.swift */,
				C16F11F520989F3200A532FA /* Main.storyboard */,
				C16F11F820989F3200A532FA /* Assets.xcassets */,
				C16F11FA20989F3200A532FA /* LaunchScreen.storyboard */,
				C16F11FD20989F3200A532FA /* Info.plist */,
			);
			path = FoodWorld;
			sourceTree = "<group>";
		};
		C16F12032098A0D600A532FA /* Views */ = {
			isa = PBXGroup;
			children = (
				C16F12132098BD1600A532FA /* MenuCell.swift */,
			);
			path = Views;
			sourceTree = "<group>";
		};
		C16F12042098A0EA00A532FA /* Models */ = {
			isa = PBXGroup;
			children = (
				C16F12152098C24E00A532FA /* Dish.swift */,
				C16F12172098C28A00A532FA /* Enums.swift */,
			);
			path = Models;
			sourceTree = "<group>";
		};
		C16F12052098A0FA00A532FA /* Controllers */ = {
			isa = PBXGroup;
			children = (
				C16F12062098A17300A532FA /* MenuController.swift */,
				C16F12082098A21500A532FA /* CarteController.swift */,
				C16F120F2098A9A600A532FA /* CustomNavigationController.swift */,
				C16F12112098AA2500A532FA /* CustomTabBarController.swift */,
			);
			path = Controllers;
			sourceTree = "<group>";
		};
		C16F120C2098A5A700A532FA /* Utilities */ = {
			isa = PBXGroup;
			children = (
				C16F120D2098A61700A532FA /* Constantes.swift */,
			);
			path = Utilities;
			sourceTree = "<group>";
		};
/* End PBXGroup section */

/* Begin PBXNativeTarget section */
		C16F11ED20989F3200A532FA /* FoodWorld */ = {
			isa = PBXNativeTarget;
			buildConfigurationList = C16F120020989F3200A532FA /* Build configuration list for PBXNativeTarget "FoodWorld" */;
			buildPhases = (
				C16F11EA20989F3200A532FA /* Sources */,
				C16F11EB20989F3200A532FA /* Frameworks */,
				C16F11EC20989F3200A532FA /* Resources */,
			);
			buildRules = (
			);
			dependencies = (
			);
			name = FoodWorld;
			productName = FoodWorld;
			productReference = C16F11EE20989F3200A532FA /* FoodWorld.app */;
			productType = "com.apple.product-type.application";
		};
/* End PBXNativeTarget section */

/* Begin PBXProject section */
		C16F11E620989F3200A532FA /* Project object */ = {
			isa = PBXProject;
			attributes = {
				LastSwiftUpdateCheck = 0930;
				LastUpgradeCheck = 0930;
				ORGANIZATIONNAME = "christophe milliere";
				TargetAttributes = {
					C16F11ED20989F3200A532FA = {
						CreatedOnToolsVersion = 9.3;
					};
				};
			};
			buildConfigurationList = C16F11E920989F3200A532FA /* Build configuration list for PBXProject "FoodWorld" */;
			compatibilityVersion = "Xcode 9.3";
			developmentRegion = en;
			hasScannedForEncodings = 0;
			knownRegions = (
				en,
				Base,
			);
			mainGroup = C16F11E520989F3200A532FA;
			productRefGroup = C16F11EF20989F3200A532FA /* Products */;
			projectDirPath = "";
			projectRoot = "";
			targets = (
				C16F11ED20989F3200A532FA /* FoodWorld */,
			);
		};
/* End PBXProject section */

/* Begin PBXResourcesBuildPhase section */
		C16F11EC20989F3200A532FA /* Resources */ = {
			isa = PBXResourcesBuildPhase;
			buildActionMask = 2147483647;
			files = (
				C16F11FC20989F3200A532FA /* LaunchScreen.storyboard in Resources */,
				C16F11F920989F3200A532FA /* Assets.xcassets in Resources */,
				C16F11F720989F3200A532FA /* Main.storyboard in Resources */,
			);
			runOnlyForDeploymentPostprocessing = 0;
		};
/* End PBXResourcesBuildPhase section */

/* Begin PBXSourcesBuildPhase section */
		C16F11EA20989F3200A532FA /* Sources */ = {
			isa = PBXSourcesBuildPhase;
			buildActionMask = 2147483647;
			files = (
				C16F12142098BD1600A532FA /* MenuCell.swift in Sources */,
				C16F12102098A9A600A532FA /* CustomNavigationController.swift in Sources */,
				C16F120E2098A61700A532FA /* Constantes.swift in Sources */,
				C16F12122098AA2500A532FA /* CustomTabBarController.swift in Sources */,
				C16F12092098A21500A532FA /* CarteController.swift in Sources */,
				C16F12162098C24E00A532FA /* Dish.swift in Sources */,
				C16F12072098A17300A532FA /* MenuController.swift in Sources */,
				C16F12182098C28A00A532FA /* Enums.swift in Sources */,
				C16F11F220989F3200A532FA /* AppDelegate.swift in Sources */,
			);
			runOnlyForDeploymentPostprocessing = 0;
		};
/* End PBXSourcesBuildPhase section */

/* Begin PBXVariantGroup section */
		C16F11F520989F3200A532FA /* Main.storyboard */ = {
			isa = PBXVariantGroup;
			children = (
				C16F11F620989F3200A532FA /* Base */,
			);
			name = Main.storyboard;
			sourceTree = "<group>";
		};
		C16F11FA20989F3200A532FA /* LaunchScreen.storyboard */ = {
			isa = PBXVariantGroup;
			children = (
				C16F11FB20989F3200A532FA /* Base */,
			);
			name = LaunchScreen.storyboard;
			sourceTree = "<group>";
		};
/* End PBXVariantGroup section */

/* Begin XCBuildConfiguration section */
		C16F11FE20989F3200A532FA /* Debug */ = {
			isa = XCBuildConfiguration;
			buildSettings = {
				ALWAYS_SEARCH_USER_PATHS = NO;
				CLANG_ANALYZER_NONNULL = YES;
				CLANG_ANALYZER_NUMBER_OBJECT_CONVERSION = YES_AGGRESSIVE;
				CLANG_CXX_LANGUAGE_STANDARD = "gnu++14";
				CLANG_CXX_LIBRARY = "libc++";
				CLANG_ENABLE_MODULES = YES;
				CLANG_ENABLE_OBJC_ARC = YES;
				CLANG_ENABLE_OBJC_WEAK = YES;
				CLANG_WARN_BLOCK_CAPTURE_AUTORELEASING = YES;
				CLANG_WARN_BOOL_CONVERSION = YES;
				CLANG_WARN_COMMA = YES;
				CLANG_WARN_CONSTANT_CONVERSION = YES;
				CLANG_WARN_DEPRECATED_OBJC_IMPLEMENTATIONS = YES;
				CLANG_WARN_DIRECT_OBJC_ISA_USAGE = YES_ERROR;
				CLANG_WARN_DOCUMENTATION_COMMENTS = YES;
				CLANG_WARN_EMPTY_BODY = YES;
				CLANG_WARN_ENUM_CONVERSION = YES;
				CLANG_WARN_INFINITE_RECURSION = YES;
				CLANG_WARN_INT_CONVERSION = YES;
				CLANG_WARN_NON_LITERAL_NULL_CONVERSION = YES;
				CLANG_WARN_OBJC_IMPLICIT_RETAIN_SELF = YES;
				CLANG_WARN_OBJC_LITERAL_CONVERSION = YES;
				CLANG_WARN_OBJC_ROOT_CLASS = YES_ERROR;
				CLANG_WARN_RANGE_LOOP_ANALYSIS = YES;
				CLANG_WARN_STRICT_PROTOTYPES = YES;
				CLANG_WARN_SUSPICIOUS_MOVE = YES;
				CLANG_WARN_UNGUARDED_AVAILABILITY = YES_AGGRESSIVE;
				CLANG_WARN_UNREACHABLE_CODE = YES;
				CLANG_WARN__DUPLICATE_METHOD_MATCH = YES;
				CODE_SIGN_IDENTITY = "iPhone Developer";
				COPY_PHASE_STRIP = NO;
				DEBUG_INFORMATION_FORMAT = dwarf;
				ENABLE_STRICT_OBJC_MSGSEND = YES;
				ENABLE_TESTABILITY = YES;
				GCC_C_LANGUAGE_STANDARD = gnu11;
				GCC_DYNAMIC_NO_PIC = NO;
				GCC_NO_COMMON_BLOCKS = YES;
				GCC_OPTIMIZATION_LEVEL = 0;
				GCC_PREPROCESSOR_DEFINITIONS = (
					"DEBUG=1",
					"$(inherited)",
				);
				GCC_WARN_64_TO_32_BIT_CONVERSION = YES;
				GCC_WARN_ABOUT_RETURN_TYPE = YES_ERROR;
				GCC_WARN_UNDECLARED_SELECTOR = YES;
				GCC_WARN_UNINITIALIZED_AUTOS = YES_AGGRESSIVE;
				GCC_WARN_UNUSED_FUNCTION = YES;
				GCC_WARN_UNUSED_VARIABLE = YES;
				IPHONEOS_DEPLOYMENT_TARGET = 11.3;
				MTL_ENABLE_DEBUG_INFO = YES;
				ONLY_ACTIVE_ARCH = YES;
				SDKROOT = iphoneos;
				SWIFT_ACTIVE_COMPILATION_CONDITIONS = DEBUG;
				SWIFT_OPTIMIZATION_LEVEL = "-Onone";
			};
			name = Debug;
		};
		C16F11FF20989F3200A532FA /* Release */ = {
			isa = XCBuildConfiguration;
			buildSettings = {
				ALWAYS_SEARCH_USER_PATHS = NO;
				CLANG_ANALYZER_NONNULL = YES;
				CLANG_ANALYZER_NUMBER_OBJECT_CONVERSION = YES_AGGRESSIVE;
				CLANG_CXX_LANGUAGE_STANDARD = "gnu++14";
				CLANG_CXX_LIBRARY = "libc++";
				CLANG_ENABLE_MODULES = YES;
				CLANG_ENABLE_OBJC_ARC = YES;
				CLANG_ENABLE_OBJC_WEAK = YES;
				CLANG_WARN_BLOCK_CAPTURE_AUTORELEASING = YES;
				CLANG_WARN_BOOL_CONVERSION = YES;
				CLANG_WARN_COMMA = YES;
				CLANG_WARN_CONSTANT_CONVERSION = YES;
				CLANG_WARN_DEPRECATED_OBJC_IMPLEMENTATIONS = YES;
				CLANG_WARN_DIRECT_OBJC_ISA_USAGE = YES_ERROR;
				CLANG_WARN_DOCUMENTATION_COMMENTS = YES;
				CLANG_WARN_EMPTY_BODY = YES;
				CLANG_WARN_ENUM_CONVERSION = YES;
				CLANG_WARN_INFINITE_RECURSION = YES;
				CLANG_WARN_INT_CONVERSION = YES;
				CLANG_WARN_NON_LITERAL_NULL_CONVERSION = YES;
				CLANG_WARN_OBJC_IMPLICIT_RETAIN_SELF = YES;
				CLANG_WARN_OBJC_LITERAL_CONVERSION = YES;
				CLANG_WARN_OBJC_ROOT_CLASS = YES_ERROR;
				CLANG_WARN_RANGE_LOOP_ANALYSIS = YES;
				CLANG_WARN_STRICT_PROTOTYPES = YES;
				CLANG_WARN_SUSPICIOUS_MOVE = YES;
				CLANG_WARN_UNGUARDED_AVAILABILITY = YES_AGGRESSIVE;
				CLANG_WARN_UNREACHABLE_CODE = YES;
				CLANG_WARN__DUPLICATE_METHOD_MATCH = YES;
				CODE_SIGN_IDENTITY = "iPhone Developer";
				COPY_PHASE_STRIP = NO;
				DEBUG_INFORMATION_FORMAT = "dwarf-with-dsym";
				ENABLE_NS_ASSERTIONS = NO;
				ENABLE_STRICT_OBJC_MSGSEND = YES;
				GCC_C_LANGUAGE_STANDARD = gnu11;
				GCC_NO_COMMON_BLOCKS = YES;
				GCC_WARN_64_TO_32_BIT_CONVERSION = YES;
				GCC_WARN_ABOUT_RETURN_TYPE = YES_ERROR;
				GCC_WARN_UNDECLARED_SELECTOR = YES;
				GCC_WARN_UNINITIALIZED_AUTOS = YES_AGGRESSIVE;
				GCC_WARN_UNUSED_FUNCTION = YES;
				GCC_WARN_UNUSED_VARIABLE = YES;
				IPHONEOS_DEPLOYMENT_TARGET = 11.3;
				MTL_ENABLE_DEBUG_INFO = NO;
				SDKROOT = iphoneos;
				SWIFT_COMPILATION_MODE = wholemodule;
				SWIFT_OPTIMIZATION_LEVEL = "-O";
				VALIDATE_PRODUCT = YES;
			};
			name = Release;
		};
		C16F120120989F3200A532FA /* Debug */ = {
			isa = XCBuildConfiguration;
			buildSettings = {
				ASSETCATALOG_COMPILER_APPICON_NAME = AppIcon;
				CODE_SIGN_STYLE = Automatic;
				DEVELOPMENT_TEAM = ENGLX8LG3W;
				INFOPLIST_FILE = FoodWorld/Info.plist;
				LD_RUNPATH_SEARCH_PATHS = (
					"$(inherited)",
					"@executable_path/Frameworks",
				);
				PRODUCT_BUNDLE_IDENTIFIER = com.beta.FoodWorld;
				PRODUCT_NAME = "$(TARGET_NAME)";
				SWIFT_VERSION = 4.0;
				TARGETED_DEVICE_FAMILY = "1,2";
			};
			name = Debug;
		};
		C16F120220989F3200A532FA /* Release */ = {
			isa = XCBuildConfiguration;
			buildSettings = {
				ASSETCATALOG_COMPILER_APPICON_NAME = AppIcon;
				CODE_SIGN_STYLE = Automatic;
				DEVELOPMENT_TEAM = ENGLX8LG3W;
				INFOPLIST_FILE = FoodWorld/Info.plist;
				LD_RUNPATH_SEARCH_PATHS = (
					"$(inherited)",
					"@executable_path/Frameworks",
				);
				PRODUCT_BUNDLE_IDENTIFIER = com.beta.FoodWorld;
				PRODUCT_NAME = "$(TARGET_NAME)";
				SWIFT_VERSION = 4.0;
				TARGETED_DEVICE_FAMILY = "1,2";
			};
			name = Release;
		};
/* End XCBuildConfiguration section */

/* Begin XCConfigurationList section */
		C16F11E920989F3200A532FA /* Build configuration list for PBXProject "FoodWorld" */ = {
			isa = XCConfigurationList;
			buildConfigurations = (
				C16F11FE20989F3200A532FA /* Debug */,
				C16F11FF20989F3200A532FA /* Release */,
			);
			defaultConfigurationIsVisible = 0;
			defaultConfigurationName = Release;
		};
		C16F120020989F3200A532FA /* Build configuration list for PBXNativeTarget "FoodWorld" */ = {
			isa = XCConfigurationList;
			buildConfigurations = (
				C16F120120989F3200A532FA /* Debug */,
				C16F120220989F3200A532FA /* Release */,
			);
			defaultConfigurationIsVisible = 0;
			defaultConfigurationName = Release;
		};
/* End XCConfigurationList section */
	};
	rootObject = C16F11E620989F3200A532FA /* Project object */;
}
